
Microsoft Visual Studio Solution File, Format Version 12.00
# Visual Studio Version 17
VisualStudioVersion = 17.1.32407.343
MinimumVisualStudioVersion = 10.0.40219.1
Project("{9A19103F-16F7-4668-BE54-9A1E7A4F7556}") = "OpenTelemetryForAPI", "OpenTelemetryForAPI\OpenTelemetryForAPI.csproj", "{319DBACA-DAF3-4C12-BF8B-E5668F55CC9E}"
EndProject
Project("{FAE04EC0-301F-11D3-BF4B-00C04F79EFBC}") = "OpenTelemetryApp", "OpenTelemetryApp\OpenTelemetryApp.csproj", "{FA138FC5-14C0-46B8-A673-365A3AC8D469}"
EndProject
Project("{FAE04EC0-301F-11D3-BF4B-00C04F79EFBC}") = "OTService", "OTService\OTService.csproj", "{270B9464-62C2-4807-83DA-1F4A12577172}"
EndProject
Project("{FAE04EC0-301F-11D3-BF4B-00C04F79EFBC}") = "ConsoleApp", "ConsoleApp\ConsoleApp.csproj", "{926371BB-2B1F-42B1-A62A-25151AD17A6C}"
EndProject
Global
	GlobalSection(SolutionConfigurationPlatforms) = preSolution
		Debug|Any CPU = Debug|Any CPU
		Release|Any CPU = Release|Any CPU
	EndGlobalSection
	GlobalSection(ProjectConfigurationPlatforms) = postSolution
		{319DBACA-DAF3-4C12-BF8B-E5668F55CC9E}.Debug|Any CPU.ActiveCfg = Debug|Any CPU
		{319DBACA-DAF3-4C12-BF8B-E5668F55CC9E}.Debug|Any CPU.Build.0 = Debug|Any CPU
		{319DBACA-DAF3-4C12-BF8B-E5668F55CC9E}.Release|Any CPU.ActiveCfg = Release|Any CPU
		{319DBACA-DAF3-4C12-BF8B-E5668F55CC9E}.Release|Any CPU.Build.0 = Release|Any CPU
		{FA138FC5-14C0-46B8-A673-365A3AC8D469}.Debug|Any CPU.ActiveCfg = Debug|Any CPU
		{FA138FC5-14C0-46B8-A673-365A3AC8D469}.Debug|Any CPU.Build.0 = Debug|Any CPU
		{FA138FC5-14C0-46B8-A673-365A3AC8D469}.Release|Any CPU.ActiveCfg = Release|Any CPU
		{FA138FC5-14C0-46B8-A673-365A3AC8D469}.Release|Any CPU.Build.0 = Release|Any CPU
		{270B9464-62C2-4807-83DA-1F4A12577172}.Debug|Any CPU.ActiveCfg = Debug|Any CPU
		{270B9464-62C2-4807-83DA-1F4A12577172}.Debug|Any CPU.Build.0 = Debug|Any CPU
		{270B9464-62C2-4807-83DA-1F4A12577172}.Release|Any CPU.ActiveCfg = Release|Any CPU
		{270B9464-62C2-4807-83DA-1F4A12577172}.Release|Any CPU.Build.0 = Release|Any CPU
		{926371BB-2B1F-42B1-A62A-25151AD17A6C}.Debug|Any CPU.ActiveCfg = Debug|Any CPU
		{926371BB-2B1F-42B1-A62A-25151AD17A6C}.Debug|Any CPU.Build.0 = Debug|Any CPU
		{926371BB-2B1F-42B1-A62A-25151AD17A6C}.Release|Any CPU.ActiveCfg = Release|Any CPU
		{926371BB-2B1F-42B1-A62A-25151AD17A6C}.Release|Any CPU.Build.0 = Release|Any CPU
	EndGlobalSection
	GlobalSection(SolutionProperties) = preSolution
		HideSolutionNode = FALSE
	EndGlobalSection
	GlobalSection(ExtensibilityGlobals) = postSolution
		SolutionGuid = {BD4BE2F9-3014-45A7-BA05-6AC04F327126}
	EndGlobalSection
EndGlobal
